
Microsoft Visual Studio Solution File, Format Version 12.00
# Visual Studio 15
Project("{FAE04EC0-301F-11D3-BF4B-00C04F79EFBC}") = "FireOne", "FireOne\FireOne.csproj", "{391EA805-C42F-488F-9637-77119CCEC696}"
EndProject
Project("{FAE04EC0-301F-11D3-BF4B-00C04F79EFBC}") = "FireTwo", "FireTwo\FireTwo.csproj", "{E6E68DF7-3733-4E19-AA6D-96A649C3AA0B}"
EndProject
Global
	GlobalSection(SolutionConfigurationPlatforms) = preSolution
		Debug|Any CPU = Debug|Any CPU
		Release|Any CPU = Release|Any CPU
	EndGlobalSection
	GlobalSection(ProjectConfigurationPlatforms) = postSolution
		{391EA805-C42F-488F-9637-77119CCEC696}.Debug|Any CPU.ActiveCfg = Debug|Any CPU
		{391EA805-C42F-488F-9637-77119CCEC696}.Debug|Any CPU.Build.0 = Debug|Any CPU
		{391EA805-C42F-488F-9637-77119CCEC696}.Release|Any CPU.ActiveCfg = Release|Any CPU
		{391EA805-C42F-488F-9637-77119CCEC696}.Release|Any CPU.Build.0 = Release|Any CPU
		{E6E68DF7-3733-4E19-AA6D-96A649C3AA0B}.Debug|Any CPU.ActiveCfg = Debug|Any CPU
		{E6E68DF7-3733-4E19-AA6D-96A649C3AA0B}.Debug|Any CPU.Build.0 = Debug|Any CPU
		{E6E68DF7-3733-4E19-AA6D-96A649C3AA0B}.Release|Any CPU.ActiveCfg = Release|Any CPU
		{E6E68DF7-3733-4E19-AA6D-96A649C3AA0B}.Release|Any CPU.Build.0 = Release|Any CPU
	EndGlobalSection
EndGlobal
